// !$*UTF8*$!
{
	archiveVersion = 1;
	classes = {
	};
	objectVersion = 55;
	objects = {

/* Begin PBXBuildFile section */
		204B97F4282BC4FA00E92E22 /* AppDelegate.swift in Sources */ = {isa = PBXBuildFile; fileRef = 204B97F3282BC4FA00E92E22 /* AppDelegate.swift */; };
		204B97F6282BC4FA00E92E22 /* SceneDelegate.swift in Sources */ = {isa = PBXBuildFile; fileRef = 204B97F5282BC4FA00E92E22 /* SceneDelegate.swift */; };
		204B9800282BC4FE00E92E22 /* Assets.xcassets in Resources */ = {isa = PBXBuildFile; fileRef = 204B97FF282BC4FE00E92E22 /* Assets.xcassets */; };
		204B9803282BC4FE00E92E22 /* LaunchScreen.storyboard in Resources */ = {isa = PBXBuildFile; fileRef = 204B9801282BC4FE00E92E22 /* LaunchScreen.storyboard */; };
		287ED8E72834FF26009EA997 /* HomeViewController.swift in Sources */ = {isa = PBXBuildFile; fileRef = 287ED8E62834FF26009EA997 /* HomeViewController.swift */; };
		287ED8E92834FF47009EA997 /* DayCollectionViewCell.swift in Sources */ = {isa = PBXBuildFile; fileRef = 287ED8E82834FF47009EA997 /* DayCollectionViewCell.swift */; };
		287ED8EB2834FF64009EA997 /* ForcatsTableViewCell.swift in Sources */ = {isa = PBXBuildFile; fileRef = 287ED8EA2834FF64009EA997 /* ForcatsTableViewCell.swift */; };
		287ED8EE2834FFB7009EA997 /* SnapKit in Frameworks */ = {isa = PBXBuildFile; productRef = 287ED8ED2834FFB7009EA997 /* SnapKit */; };
		28CA907428476D660046CB6B /* WeatherModel.swift in Sources */ = {isa = PBXBuildFile; fileRef = 28CA907328476D660046CB6B /* WeatherModel.swift */; };
		28CA90762847709F0046CB6B /* RequestError.swift in Sources */ = {isa = PBXBuildFile; fileRef = 28CA90752847709F0046CB6B /* RequestError.swift */; };
		28CA907A284771110046CB6B /* NetworkService.swift in Sources */ = {isa = PBXBuildFile; fileRef = 28CA9079284771110046CB6B /* NetworkService.swift */; };
		28CA907C2848D3F10046CB6B /* CityModel.swift in Sources */ = {isa = PBXBuildFile; fileRef = 28CA907B2848D3F10046CB6B /* CityModel.swift */; };
		28CA907F284904F30046CB6B /* WeatherIcons.swift in Sources */ = {isa = PBXBuildFile; fileRef = 28CA907E284904F30046CB6B /* WeatherIcons.swift */; };
		28CA9081284940480046CB6B /* StyleConstants.swift in Sources */ = {isa = PBXBuildFile; fileRef = 28CA9080284940480046CB6B /* StyleConstants.swift */; };
		28CA90832849420C0046CB6B /* ConversionFunctions.swift in Sources */ = {isa = PBXBuildFile; fileRef = 28CA90822849420C0046CB6B /* ConversionFunctions.swift */; };
		28CA908728495DA20046CB6B /* CityDatabase.xcdatamodeld in Sources */ = {isa = PBXBuildFile; fileRef = 28CA908528495DA20046CB6B /* CityDatabase.xcdatamodeld */; };
		28CA908928495DFA0046CB6B /* CoreDataStack.swift in Sources */ = {isa = PBXBuildFile; fileRef = 28CA908828495DFA0046CB6B /* CoreDataStack.swift */; };
		28CA908B284961DB0046CB6B /* Main.storyboard in Resources */ = {isa = PBXBuildFile; fileRef = 28CA908A284961DB0046CB6B /* Main.storyboard */; };
/* End PBXBuildFile section */

/* Begin PBXFileReference section */
		204B97F0282BC4FA00E92E22 /* WeatherApp.app */ = {isa = PBXFileReference; explicitFileType = wrapper.application; includeInIndex = 0; path = WeatherApp.app; sourceTree = BUILT_PRODUCTS_DIR; };
		204B97F3282BC4FA00E92E22 /* AppDelegate.swift */ = {isa = PBXFileReference; lastKnownFileType = sourcecode.swift; path = AppDelegate.swift; sourceTree = "<group>"; };
		204B97F5282BC4FA00E92E22 /* SceneDelegate.swift */ = {isa = PBXFileReference; lastKnownFileType = sourcecode.swift; path = SceneDelegate.swift; sourceTree = "<group>"; };
		204B97FF282BC4FE00E92E22 /* Assets.xcassets */ = {isa = PBXFileReference; lastKnownFileType = folder.assetcatalog; path = Assets.xcassets; sourceTree = "<group>"; };
		204B9802282BC4FE00E92E22 /* Base */ = {isa = PBXFileReference; lastKnownFileType = file.storyboard; name = Base; path = Base.lproj/LaunchScreen.storyboard; sourceTree = "<group>"; };
		204B9804282BC4FE00E92E22 /* Info.plist */ = {isa = PBXFileReference; lastKnownFileType = text.plist.xml; path = Info.plist; sourceTree = "<group>"; };
		287ED8E62834FF26009EA997 /* HomeViewController.swift */ = {isa = PBXFileReference; lastKnownFileType = sourcecode.swift; path = HomeViewController.swift; sourceTree = "<group>"; };
		287ED8E82834FF47009EA997 /* DayCollectionViewCell.swift */ = {isa = PBXFileReference; lastKnownFileType = sourcecode.swift; path = DayCollectionViewCell.swift; sourceTree = "<group>"; };
		287ED8EA2834FF64009EA997 /* ForcatsTableViewCell.swift */ = {isa = PBXFileReference; lastKnownFileType = sourcecode.swift; path = ForcatsTableViewCell.swift; sourceTree = "<group>"; };
		28CA907328476D660046CB6B /* WeatherModel.swift */ = {isa = PBXFileReference; lastKnownFileType = sourcecode.swift; path = WeatherModel.swift; sourceTree = "<group>"; };
		28CA90752847709F0046CB6B /* RequestError.swift */ = {isa = PBXFileReference; lastKnownFileType = sourcecode.swift; path = RequestError.swift; sourceTree = "<group>"; };
		28CA9079284771110046CB6B /* NetworkService.swift */ = {isa = PBXFileReference; lastKnownFileType = sourcecode.swift; path = NetworkService.swift; sourceTree = "<group>"; };
		28CA907B2848D3F10046CB6B /* CityModel.swift */ = {isa = PBXFileReference; lastKnownFileType = sourcecode.swift; path = CityModel.swift; sourceTree = "<group>"; };
		28CA907E284904F30046CB6B /* WeatherIcons.swift */ = {isa = PBXFileReference; lastKnownFileType = sourcecode.swift; path = WeatherIcons.swift; sourceTree = "<group>"; };
		28CA9080284940480046CB6B /* StyleConstants.swift */ = {isa = PBXFileReference; lastKnownFileType = sourcecode.swift; path = StyleConstants.swift; sourceTree = "<group>"; };
		28CA90822849420C0046CB6B /* ConversionFunctions.swift */ = {isa = PBXFileReference; lastKnownFileType = sourcecode.swift; path = ConversionFunctions.swift; sourceTree = "<group>"; };
		28CA908628495DA20046CB6B /* CityDatabase.xcdatamodel */ = {isa = PBXFileReference; lastKnownFileType = wrapper.xcdatamodel; path = CityDatabase.xcdatamodel; sourceTree = "<group>"; };
		28CA908828495DFA0046CB6B /* CoreDataStack.swift */ = {isa = PBXFileReference; lastKnownFileType = sourcecode.swift; path = CoreDataStack.swift; sourceTree = "<group>"; };
		28CA908A284961DB0046CB6B /* Main.storyboard */ = {isa = PBXFileReference; fileEncoding = 4; lastKnownFileType = file.storyboard; path = Main.storyboard; sourceTree = "<group>"; };
/* End PBXFileReference section */

/* Begin PBXFrameworksBuildPhase section */
		204B97ED282BC4FA00E92E22 /* Frameworks */ = {
			isa = PBXFrameworksBuildPhase;
			buildActionMask = 2147483647;
			files = (
				287ED8EE2834FFB7009EA997 /* SnapKit in Frameworks */,
			);
			runOnlyForDeploymentPostprocessing = 0;
		};
/* End PBXFrameworksBuildPhase section */

/* Begin PBXGroup section */
		204B97E7282BC4FA00E92E22 = {
			isa = PBXGroup;
			children = (
				204B97F2282BC4FA00E92E22 /* WeatherApp */,
				204B97F1282BC4FA00E92E22 /* Products */,
			);
			sourceTree = "<group>";
		};
		204B97F1282BC4FA00E92E22 /* Products */ = {
			isa = PBXGroup;
			children = (
				204B97F0282BC4FA00E92E22 /* WeatherApp.app */,
			);
			name = Products;
			sourceTree = "<group>";
		};
		204B97F2282BC4FA00E92E22 /* WeatherApp */ = {
			isa = PBXGroup;
			children = (
				28CA908528495DA20046CB6B /* CityDatabase.xcdatamodeld */,
				28CA908428495D6B0046CB6B /* Database */,
				28CA906D284767580046CB6B /* Network */,
				28CA907028476D270046CB6B /* Model */,
				287ED8B32833BB9C009EA997 /* ViewControllers */,
				28CA907D284904AF0046CB6B /* Style&Functions */,
				204B97F3282BC4FA00E92E22 /* AppDelegate.swift */,
				204B97F5282BC4FA00E92E22 /* SceneDelegate.swift */,
				204B97FF282BC4FE00E92E22 /* Assets.xcassets */,
				204B9801282BC4FE00E92E22 /* LaunchScreen.storyboard */,
				28CA908A284961DB0046CB6B /* Main.storyboard */,
				204B9804282BC4FE00E92E22 /* Info.plist */,
			);
			path = WeatherApp;
			sourceTree = "<group>";
		};
		287ED8B32833BB9C009EA997 /* ViewControllers */ = {
			isa = PBXGroup;
			children = (
				287ED8B42833BBA9009EA997 /* HomeViewController */,
			);
			path = ViewControllers;
			sourceTree = "<group>";
		};
		287ED8B42833BBA9009EA997 /* HomeViewController */ = {
			isa = PBXGroup;
			children = (
				287ED8E62834FF26009EA997 /* HomeViewController.swift */,
				287ED8E82834FF47009EA997 /* DayCollectionViewCell.swift */,
				287ED8EA2834FF64009EA997 /* ForcatsTableViewCell.swift */,
			);
			path = HomeViewController;
			sourceTree = "<group>";
		};
		28CA906D284767580046CB6B /* Network */ = {
			isa = PBXGroup;
			children = (
				28CA90752847709F0046CB6B /* RequestError.swift */,
				28CA9079284771110046CB6B /* NetworkService.swift */,
			);
			path = Network;
			sourceTree = "<group>";
		};
		28CA907028476D270046CB6B /* Model */ = {
			isa = PBXGroup;
			children = (
				28CA907328476D660046CB6B /* WeatherModel.swift */,
				28CA907B2848D3F10046CB6B /* CityModel.swift */,
			);
			path = Model;
			sourceTree = "<group>";
		};
		28CA907D284904AF0046CB6B /* Style&Functions */ = {
			isa = PBXGroup;
			children = (
				28CA907E284904F30046CB6B /* WeatherIcons.swift */,
				28CA9080284940480046CB6B /* StyleConstants.swift */,
				28CA90822849420C0046CB6B /* ConversionFunctions.swift */,
			);
			path = "Style&Functions";
			sourceTree = "<group>";
		};
		28CA908428495D6B0046CB6B /* Database */ = {
			isa = PBXGroup;
			children = (
				28CA908828495DFA0046CB6B /* CoreDataStack.swift */,
			);
			path = Database;
			sourceTree = "<group>";
		};
/* End PBXGroup section */

/* Begin PBXNativeTarget section */
		204B97EF282BC4FA00E92E22 /* WeatherApp */ = {
			isa = PBXNativeTarget;
			buildConfigurationList = 204B9807282BC4FE00E92E22 /* Build configuration list for PBXNativeTarget "WeatherApp" */;
			buildPhases = (
				204B97EC282BC4FA00E92E22 /* Sources */,
				204B97ED282BC4FA00E92E22 /* Frameworks */,
				204B97EE282BC4FA00E92E22 /* Resources */,
			);
			buildRules = (
			);
			dependencies = (
			);
			name = WeatherApp;
			packageProductDependencies = (
				287ED8ED2834FFB7009EA997 /* SnapKit */,
			);
			productName = WeatherApp;
			productReference = 204B97F0282BC4FA00E92E22 /* WeatherApp.app */;
			productType = "com.apple.product-type.application";
		};
/* End PBXNativeTarget section */

/* Begin PBXProject section */
		204B97E8282BC4FA00E92E22 /* Project object */ = {
			isa = PBXProject;
			attributes = {
				BuildIndependentTargetsInParallel = 1;
				LastSwiftUpdateCheck = 1330;
				LastUpgradeCheck = 1330;
				TargetAttributes = {
					204B97EF282BC4FA00E92E22 = {
						CreatedOnToolsVersion = 13.3.1;
					};
				};
			};
			buildConfigurationList = 204B97EB282BC4FA00E92E22 /* Build configuration list for PBXProject "WeatherApp" */;
			compatibilityVersion = "Xcode 13.0";
			developmentRegion = en;
			hasScannedForEncodings = 0;
			knownRegions = (
				en,
				Base,
			);
			mainGroup = 204B97E7282BC4FA00E92E22;
			packageReferences = (
				287ED8EC2834FFB7009EA997 /* XCRemoteSwiftPackageReference "SnapKit" */,
			);
			productRefGroup = 204B97F1282BC4FA00E92E22 /* Products */;
			projectDirPath = "";
			projectRoot = "";
			targets = (
				204B97EF282BC4FA00E92E22 /* WeatherApp */,
			);
		};
/* End PBXProject section */

/* Begin PBXResourcesBuildPhase section */
		204B97EE282BC4FA00E92E22 /* Resources */ = {
			isa = PBXResourcesBuildPhase;
			buildActionMask = 2147483647;
			files = (
				28CA908B284961DB0046CB6B /* Main.storyboard in Resources */,
				204B9803282BC4FE00E92E22 /* LaunchScreen.storyboard in Resources */,
				204B9800282BC4FE00E92E22 /* Assets.xcassets in Resources */,
			);
			runOnlyForDeploymentPostprocessing = 0;
		};
/* End PBXResourcesBuildPhase section */

/* Begin PBXSourcesBuildPhase section */
		204B97EC282BC4FA00E92E22 /* Sources */ = {
			isa = PBXSourcesBuildPhase;
			buildActionMask = 2147483647;
			files = (
				28CA908928495DFA0046CB6B /* CoreDataStack.swift in Sources */,
				287ED8EB2834FF64009EA997 /* ForcatsTableViewCell.swift in Sources */,
				287ED8E72834FF26009EA997 /* HomeViewController.swift in Sources */,
				28CA90762847709F0046CB6B /* RequestError.swift in Sources */,
				28CA908728495DA20046CB6B /* CityDatabase.xcdatamodeld in Sources */,
				287ED8E92834FF47009EA997 /* DayCollectionViewCell.swift in Sources */,
				28CA907C2848D3F10046CB6B /* CityModel.swift in Sources */,
				28CA907428476D660046CB6B /* WeatherModel.swift in Sources */,
				28CA90832849420C0046CB6B /* ConversionFunctions.swift in Sources */,
				28CA9081284940480046CB6B /* StyleConstants.swift in Sources */,
				28CA907F284904F30046CB6B /* WeatherIcons.swift in Sources */,
				204B97F4282BC4FA00E92E22 /* AppDelegate.swift in Sources */,
				28CA907A284771110046CB6B /* NetworkService.swift in Sources */,
				204B97F6282BC4FA00E92E22 /* SceneDelegate.swift in Sources */,
			);
			runOnlyForDeploymentPostprocessing = 0;
		};
/* End PBXSourcesBuildPhase section */

/* Begin PBXVariantGroup section */
		204B9801282BC4FE00E92E22 /* LaunchScreen.storyboard */ = {
			isa = PBXVariantGroup;
			children = (
				204B9802282BC4FE00E92E22 /* Base */,
			);
			name = LaunchScreen.storyboard;
			sourceTree = "<group>";
		};
/* End PBXVariantGroup section */

/* Begin XCBuildConfiguration section */
		204B9805282BC4FE00E92E22 /* Debug */ = {
			isa = XCBuildConfiguration;
			buildSettings = {
				ALWAYS_SEARCH_USER_PATHS = NO;
				CLANG_ANALYZER_NONNULL = YES;
				CLANG_ANALYZER_NUMBER_OBJECT_CONVERSION = YES_AGGRESSIVE;
				CLANG_CXX_LANGUAGE_STANDARD = "gnu++17";
				CLANG_ENABLE_MODULES = YES;
				CLANG_ENABLE_OBJC_ARC = YES;
				CLANG_ENABLE_OBJC_WEAK = YES;
				CLANG_WARN_BLOCK_CAPTURE_AUTORELEASING = YES;
				CLANG_WARN_BOOL_CONVERSION = YES;
				CLANG_WARN_COMMA = YES;
				CLANG_WARN_CONSTANT_CONVERSION = YES;
				CLANG_WARN_DEPRECATED_OBJC_IMPLEMENTATIONS = YES;
				CLANG_WARN_DIRECT_OBJC_ISA_USAGE = YES_ERROR;
				CLANG_WARN_DOCUMENTATION_COMMENTS = YES;
				CLANG_WARN_EMPTY_BODY = YES;
				CLANG_WARN_ENUM_CONVERSION = YES;
				CLANG_WARN_INFINITE_RECURSION = YES;
				CLANG_WARN_INT_CONVERSION = YES;
				CLANG_WARN_NON_LITERAL_NULL_CONVERSION = YES;
				CLANG_WARN_OBJC_IMPLICIT_RETAIN_SELF = YES;
				CLANG_WARN_OBJC_LITERAL_CONVERSION = YES;
				CLANG_WARN_OBJC_ROOT_CLASS = YES_ERROR;
				CLANG_WARN_QUOTED_INCLUDE_IN_FRAMEWORK_HEADER = YES;
				CLANG_WARN_RANGE_LOOP_ANALYSIS = YES;
				CLANG_WARN_STRICT_PROTOTYPES = YES;
				CLANG_WARN_SUSPICIOUS_MOVE = YES;
				CLANG_WARN_UNGUARDED_AVAILABILITY = YES_AGGRESSIVE;
				CLANG_WARN_UNREACHABLE_CODE = YES;
				CLANG_WARN__DUPLICATE_METHOD_MATCH = YES;
				COPY_PHASE_STRIP = NO;
				DEBUG_INFORMATION_FORMAT = dwarf;
				ENABLE_STRICT_OBJC_MSGSEND = YES;
				ENABLE_TESTABILITY = YES;
				GCC_C_LANGUAGE_STANDARD = gnu11;
				GCC_DYNAMIC_NO_PIC = NO;
				GCC_NO_COMMON_BLOCKS = YES;
				GCC_OPTIMIZATION_LEVEL = 0;
				GCC_PREPROCESSOR_DEFINITIONS = (
					"DEBUG=1",
					"$(inherited)",
				);
				GCC_WARN_64_TO_32_BIT_CONVERSION = YES;
				GCC_WARN_ABOUT_RETURN_TYPE = YES_ERROR;
				GCC_WARN_UNDECLARED_SELECTOR = YES;
				GCC_WARN_UNINITIALIZED_AUTOS = YES_AGGRESSIVE;
				GCC_WARN_UNUSED_FUNCTION = YES;
				GCC_WARN_UNUSED_VARIABLE = YES;
				IPHONEOS_DEPLOYMENT_TARGET = 15.0;
				MTL_ENABLE_DEBUG_INFO = INCLUDE_SOURCE;
				MTL_FAST_MATH = YES;
				ONLY_ACTIVE_ARCH = YES;
				SDKROOT = iphoneos;
				SWIFT_ACTIVE_COMPILATION_CONDITIONS = DEBUG;
				SWIFT_OPTIMIZATION_LEVEL = "-Onone";
			};
			name = Debug;
		};
		204B9806282BC4FE00E92E22 /* Release */ = {
			isa = XCBuildConfiguration;
			buildSettings = {
				ALWAYS_SEARCH_USER_PATHS = NO;
				CLANG_ANALYZER_NONNULL = YES;
				CLANG_ANALYZER_NUMBER_OBJECT_CONVERSION = YES_AGGRESSIVE;
				CLANG_CXX_LANGUAGE_STANDARD = "gnu++17";
				CLANG_ENABLE_MODULES = YES;
				CLANG_ENABLE_OBJC_ARC = YES;
				CLANG_ENABLE_OBJC_WEAK = YES;
				CLANG_WARN_BLOCK_CAPTURE_AUTORELEASING = YES;
				CLANG_WARN_BOOL_CONVERSION = YES;
				CLANG_WARN_COMMA = YES;
				CLANG_WARN_CONSTANT_CONVERSION = YES;
				CLANG_WARN_DEPRECATED_OBJC_IMPLEMENTATIONS = YES;
				CLANG_WARN_DIRECT_OBJC_ISA_USAGE = YES_ERROR;
				CLANG_WARN_DOCUMENTATION_COMMENTS = YES;
				CLANG_WARN_EMPTY_BODY = YES;
				CLANG_WARN_ENUM_CONVERSION = YES;
				CLANG_WARN_INFINITE_RECURSION = YES;
				CLANG_WARN_INT_CONVERSION = YES;
				CLANG_WARN_NON_LITERAL_NULL_CONVERSION = YES;
				CLANG_WARN_OBJC_IMPLICIT_RETAIN_SELF = YES;
				CLANG_WARN_OBJC_LITERAL_CONVERSION = YES;
				CLANG_WARN_OBJC_ROOT_CLASS = YES_ERROR;
				CLANG_WARN_QUOTED_INCLUDE_IN_FRAMEWORK_HEADER = YES;
				CLANG_WARN_RANGE_LOOP_ANALYSIS = YES;
				CLANG_WARN_STRICT_PROTOTYPES = YES;
				CLANG_WARN_SUSPICIOUS_MOVE = YES;
				CLANG_WARN_UNGUARDED_AVAILABILITY = YES_AGGRESSIVE;
				CLANG_WARN_UNREACHABLE_CODE = YES;
				CLANG_WARN__DUPLICATE_METHOD_MATCH = YES;
				COPY_PHASE_STRIP = NO;
				DEBUG_INFORMATION_FORMAT = "dwarf-with-dsym";
				ENABLE_NS_ASSERTIONS = NO;
				ENABLE_STRICT_OBJC_MSGSEND = YES;
				GCC_C_LANGUAGE_STANDARD = gnu11;
				GCC_NO_COMMON_BLOCKS = YES;
				GCC_WARN_64_TO_32_BIT_CONVERSION = YES;
				GCC_WARN_ABOUT_RETURN_TYPE = YES_ERROR;
				GCC_WARN_UNDECLARED_SELECTOR = YES;
				GCC_WARN_UNINITIALIZED_AUTOS = YES_AGGRESSIVE;
				GCC_WARN_UNUSED_FUNCTION = YES;
				GCC_WARN_UNUSED_VARIABLE = YES;
				IPHONEOS_DEPLOYMENT_TARGET = 15.0;
				MTL_ENABLE_DEBUG_INFO = NO;
				MTL_FAST_MATH = YES;
				SDKROOT = iphoneos;
				SWIFT_COMPILATION_MODE = wholemodule;
				SWIFT_OPTIMIZATION_LEVEL = "-O";
				VALIDATE_PRODUCT = YES;
			};
			name = Release;
		};
		204B9808282BC4FE00E92E22 /* Debug */ = {
			isa = XCBuildConfiguration;
			buildSettings = {
				ASSETCATALOG_COMPILER_APPICON_NAME = AppIcon;
				ASSETCATALOG_COMPILER_GLOBAL_ACCENT_COLOR_NAME = AccentColor;
				CODE_SIGN_STYLE = Automatic;
				CURRENT_PROJECT_VERSION = 1;
				DEVELOPMENT_TEAM = HB9BGJT94H;
				GENERATE_INFOPLIST_FILE = YES;
				INFOPLIST_FILE = WeatherApp/Info.plist;
				INFOPLIST_KEY_NSMainNibFile = Main;
				INFOPLIST_KEY_UIApplicationSupportsIndirectInputEvents = YES;
				INFOPLIST_KEY_UILaunchStoryboardName = LaunchScreen;
				INFOPLIST_KEY_UISupportedInterfaceOrientations = UIInterfaceOrientationPortrait;
				INFOPLIST_KEY_UISupportedInterfaceOrientations_iPad = "UIInterfaceOrientationPortrait UIInterfaceOrientationPortraitUpsideDown UIInterfaceOrientationLandscapeLeft UIInterfaceOrientationLandscapeRight";
				INFOPLIST_KEY_UISupportedInterfaceOrientations_iPhone = "UIInterfaceOrientationPortrait UIInterfaceOrientationLandscapeLeft UIInterfaceOrientationLandscapeRight";
				LD_RUNPATH_SEARCH_PATHS = (
					"$(inherited)",
					"@executable_path/Frameworks",
				);
				MARKETING_VERSION = 1.0;
				PRODUCT_BUNDLE_IDENTIFIER = hr.fer.dokic.nikola.WeatherApp;
				PRODUCT_NAME = "$(TARGET_NAME)";
				SWIFT_EMIT_LOC_STRINGS = YES;
				SWIFT_VERSION = 5.0;
				TARGETED_DEVICE_FAMILY = "1,2";
			};
			name = Debug;
		};
		204B9809282BC4FE00E92E22 /* Release */ = {
			isa = XCBuildConfiguration;
			buildSettings = {
				ASSETCATALOG_COMPILER_APPICON_NAME = AppIcon;
				ASSETCATALOG_COMPILER_GLOBAL_ACCENT_COLOR_NAME = AccentColor;
				CODE_SIGN_STYLE = Automatic;
				CURRENT_PROJECT_VERSION = 1;
				DEVELOPMENT_TEAM = HB9BGJT94H;
				GENERATE_INFOPLIST_FILE = YES;
				INFOPLIST_FILE = WeatherApp/Info.plist;
				INFOPLIST_KEY_NSMainNibFile = Main;
				INFOPLIST_KEY_UIApplicationSupportsIndirectInputEvents = YES;
				INFOPLIST_KEY_UILaunchStoryboardName = LaunchScreen;
				INFOPLIST_KEY_UISupportedInterfaceOrientations = UIInterfaceOrientationPortrait;
				INFOPLIST_KEY_UISupportedInterfaceOrientations_iPad = "UIInterfaceOrientationPortrait UIInterfaceOrientationPortraitUpsideDown UIInterfaceOrientationLandscapeLeft UIInterfaceOrientationLandscapeRight";
				INFOPLIST_KEY_UISupportedInterfaceOrientations_iPhone = "UIInterfaceOrientationPortrait UIInterfaceOrientationLandscapeLeft UIInterfaceOrientationLandscapeRight";
				LD_RUNPATH_SEARCH_PATHS = (
					"$(inherited)",
					"@executable_path/Frameworks",
				);
				MARKETING_VERSION = 1.0;
				PRODUCT_BUNDLE_IDENTIFIER = hr.fer.dokic.nikola.WeatherApp;
				PRODUCT_NAME = "$(TARGET_NAME)";
				SWIFT_EMIT_LOC_STRINGS = YES;
				SWIFT_VERSION = 5.0;
				TARGETED_DEVICE_FAMILY = "1,2";
			};
			name = Release;
		};
/* End XCBuildConfiguration section */

/* Begin XCConfigurationList section */
		204B97EB282BC4FA00E92E22 /* Build configuration list for PBXProject "WeatherApp" */ = {
			isa = XCConfigurationList;
			buildConfigurations = (
				204B9805282BC4FE00E92E22 /* Debug */,
				204B9806282BC4FE00E92E22 /* Release */,
			);
			defaultConfigurationIsVisible = 0;
			defaultConfigurationName = Release;
		};
		204B9807282BC4FE00E92E22 /* Build configuration list for PBXNativeTarget "WeatherApp" */ = {
			isa = XCConfigurationList;
			buildConfigurations = (
				204B9808282BC4FE00E92E22 /* Debug */,
				204B9809282BC4FE00E92E22 /* Release */,
			);
			defaultConfigurationIsVisible = 0;
			defaultConfigurationName = Release;
		};
/* End XCConfigurationList section */

/* Begin XCRemoteSwiftPackageReference section */
		287ED8EC2834FFB7009EA997 /* XCRemoteSwiftPackageReference "SnapKit" */ = {
			isa = XCRemoteSwiftPackageReference;
			repositoryURL = "https://github.com/SnapKit/SnapKit.git";
			requirement = {
				branch = develop;
				kind = branch;
			};
		};
/* End XCRemoteSwiftPackageReference section */

/* Begin XCSwiftPackageProductDependency section */
		287ED8ED2834FFB7009EA997 /* SnapKit */ = {
			isa = XCSwiftPackageProductDependency;
			package = 287ED8EC2834FFB7009EA997 /* XCRemoteSwiftPackageReference "SnapKit" */;
			productName = SnapKit;
		};
/* End XCSwiftPackageProductDependency section */

/* Begin XCVersionGroup section */
		28CA908528495DA20046CB6B /* CityDatabase.xcdatamodeld */ = {
			isa = XCVersionGroup;
			children = (
				28CA908628495DA20046CB6B /* CityDatabase.xcdatamodel */,
			);
			currentVersion = 28CA908628495DA20046CB6B /* CityDatabase.xcdatamodel */;
			path = CityDatabase.xcdatamodeld;
			sourceTree = "<group>";
			versionGroupType = wrapper.xcdatamodel;
		};
/* End XCVersionGroup section */
	};
	rootObject = 204B97E8282BC4FA00E92E22 /* Project object */;
}
